
Microsoft Visual Studio Solution File, Format Version 12.00
# Visual Studio 15
VisualStudioVersion = 15.0.27428.2015
MinimumVisualStudioVersion = 10.0.40219.1
Project("{8BC9CEB8-8B4A-11D0-8D11-00A0C91BC942}") = "lab_5.3", "lab_5.3\lab_5.3.vcxproj", "{0A7FE82F-C6A5-4391-BD7C-D316F51DE218}"
EndProject
Global
	GlobalSection(SolutionConfigurationPlatforms) = preSolution
		Debug|x64 = Debug|x64
		Debug|x86 = Debug|x86
		Release|x64 = Release|x64
		Release|x86 = Release|x86
	EndGlobalSection
	GlobalSection(ProjectConfigurationPlatforms) = postSolution
		{0A7FE82F-C6A5-4391-BD7C-D316F51DE218}.Debug|x64.ActiveCfg = Debug|x64
		{0A7FE82F-C6A5-4391-BD7C-D316F51DE218}.Debug|x64.Build.0 = Debug|x64
		{0A7FE82F-C6A5-4391-BD7C-D316F51DE218}.Debug|x86.ActiveCfg = Debug|Win32
		{0A7FE82F-C6A5-4391-BD7C-D316F51DE218}.Debug|x86.Build.0 = Debug|Win32
		{0A7FE82F-C6A5-4391-BD7C-D316F51DE218}.Release|x64.ActiveCfg = Release|x64
		{0A7FE82F-C6A5-4391-BD7C-D316F51DE218}.Release|x64.Build.0 = Release|x64
		{0A7FE82F-C6A5-4391-BD7C-D316F51DE218}.Release|x86.ActiveCfg = Release|Win32
		{0A7FE82F-C6A5-4391-BD7C-D316F51DE218}.Release|x86.Build.0 = Release|Win32
	EndGlobalSection
	GlobalSection(SolutionProperties) = preSolution
		HideSolutionNode = FALSE
	EndGlobalSection
	GlobalSection(ExtensibilityGlobals) = postSolution
		SolutionGuid = {9E1475EE-39C8-46D4-A27E-E477209FECC8}
	EndGlobalSection
EndGlobal
